
Microsoft Visual Studio Solution File, Format Version 12.00
# Visual Studio Version 17
VisualStudioVersion = 17.2.32616.157
MinimumVisualStudioVersion = 10.0.40219.1
Project("{9A19103F-16F7-4668-BE54-9A1E7A4F7556}") = "MVC_Practice", "SimpleDashboard\MVC_Practice.csproj", "{A3074CBD-6832-41D0-9173-CC2E05E51059}"
EndProject
Project("{FAE04EC0-301F-11D3-BF4B-00C04F79EFBC}") = "FormSubmission", "FormSubmission\FormSubmission.csproj", "{1031B084-3170-42F7-99F1-90BEE6E246A2}"
EndProject
Global
	GlobalSection(SolutionConfigurationPlatforms) = preSolution
		Debug|Any CPU = Debug|Any CPU
		Release|Any CPU = Release|Any CPU
	EndGlobalSection
	GlobalSection(ProjectConfigurationPlatforms) = postSolution
		{A3074CBD-6832-41D0-9173-CC2E05E51059}.Debug|Any CPU.ActiveCfg = Debug|Any CPU
		{A3074CBD-6832-41D0-9173-CC2E05E51059}.Debug|Any CPU.Build.0 = Debug|Any CPU
		{A3074CBD-6832-41D0-9173-CC2E05E51059}.Release|Any CPU.ActiveCfg = Release|Any CPU
		{A3074CBD-6832-41D0-9173-CC2E05E51059}.Release|Any CPU.Build.0 = Release|Any CPU
		{1031B084-3170-42F7-99F1-90BEE6E246A2}.Debug|Any CPU.ActiveCfg = Debug|Any CPU
		{1031B084-3170-42F7-99F1-90BEE6E246A2}.Debug|Any CPU.Build.0 = Debug|Any CPU
		{1031B084-3170-42F7-99F1-90BEE6E246A2}.Release|Any CPU.ActiveCfg = Release|Any CPU
		{1031B084-3170-42F7-99F1-90BEE6E246A2}.Release|Any CPU.Build.0 = Release|Any CPU
	EndGlobalSection
	GlobalSection(SolutionProperties) = preSolution
		HideSolutionNode = FALSE
	EndGlobalSection
	GlobalSection(ExtensibilityGlobals) = postSolution
		SolutionGuid = {9591149F-E80F-4C21-96A8-B90D4C43C0D9}
	EndGlobalSection
EndGlobal
